
Microsoft Visual Studio Solution File, Format Version 12.00
# Visual Studio Version 17
VisualStudioVersion = 17.4.33213.308
MinimumVisualStudioVersion = 10.0.40219.1
Project("{FAE04EC0-301F-11D3-BF4B-00C04F79EFBC}") = "Club_EventDriven", "Club_EventDriven.csproj", "{F3FAE10A-3749-4907-8940-98D3550A8554}"
EndProject
Global
	GlobalSection(SolutionConfigurationPlatforms) = preSolution
		Debug|Any CPU = Debug|Any CPU
		Release|Any CPU = Release|Any CPU
	EndGlobalSection
	GlobalSection(ProjectConfigurationPlatforms) = postSolution
		{F3FAE10A-3749-4907-8940-98D3550A8554}.Debug|Any CPU.ActiveCfg = Debug|Any CPU
		{F3FAE10A-3749-4907-8940-98D3550A8554}.Debug|Any CPU.Build.0 = Debug|Any CPU
		{F3FAE10A-3749-4907-8940-98D3550A8554}.Release|Any CPU.ActiveCfg = Release|Any CPU
		{F3FAE10A-3749-4907-8940-98D3550A8554}.Release|Any CPU.Build.0 = Release|Any CPU
	EndGlobalSection
	GlobalSection(SolutionProperties) = preSolution
		HideSolutionNode = FALSE
	EndGlobalSection
	GlobalSection(ExtensibilityGlobals) = postSolution
		SolutionGuid = {4BB9828E-A9A6-4993-9737-9F4BB1C46B0F}
	EndGlobalSection
EndGlobal
